
Microsoft Visual Studio Solution File, Format Version 12.00
# Visual Studio Version 17
VisualStudioVersion = 17.0.31903.59
MinimumVisualStudioVersion = 10.0.40219.1
Project("{2150E333-8FDC-42A3-9474-1A3956D46DE8}") = "src", "src", "{827E0CD3-B72D-47B6-A68D-7590B98EB39B}"
EndProject
Project("{2150E333-8FDC-42A3-9474-1A3956D46DE8}") = "Host", "Host", "{981C2CF6-E5BB-602A-511C-234B538302B0}"
EndProject
Project("{FAE04EC0-301F-11D3-BF4B-00C04F79EFBC}") = "FieldOps.Host", "src\Host\FieldOps.Host.csproj", "{0BB148AA-4E93-40A5-AA1D-80A8006CBDE9}"
EndProject
Project("{2150E333-8FDC-42A3-9474-1A3956D46DE8}") = "BuildingBlocks", "BuildingBlocks", "{90298CBA-BD6F-3A0A-69D5-97CAD7B05E7E}"
EndProject
Project("{FAE04EC0-301F-11D3-BF4B-00C04F79EFBC}") = "FieldOps.BuildingBlocks", "src\BuildingBlocks\FieldOps.BuildingBlocks.csproj", "{9D1C794D-AE94-4401-9C1F-1A28B45742BA}"
EndProject
Project("{2150E333-8FDC-42A3-9474-1A3956D46DE8}") = "Modules", "Modules", "{EC447DCF-ABFA-6E24-52A5-D7FD48A5C558}"
EndProject
Project("{2150E333-8FDC-42A3-9474-1A3956D46DE8}") = "RequestManagement", "RequestManagement", "{617A1A37-EB64-AD34-7D9A-E79214765A80}"
EndProject
Project("{FAE04EC0-301F-11D3-BF4B-00C04F79EFBC}") = "FieldOps.Modules.RequestManagement", "src\Modules\RequestManagement\FieldOps.Modules.RequestManagement.csproj", "{23735D07-6F2D-4C1B-AFEE-C8FCC1F99775}"
EndProject
Project("{2150E333-8FDC-42A3-9474-1A3956D46DE8}") = "WorkOrderManagement", "WorkOrderManagement", "{D86077CA-CD62-A3A0-90AA-B89DDB48F4CC}"
EndProject
Project("{FAE04EC0-301F-11D3-BF4B-00C04F79EFBC}") = "FieldOps.Modules.WorkOrderManagement", "src\Modules\WorkOrderManagement\FieldOps.Modules.WorkOrderManagement.csproj", "{4A331282-BE52-4590-9AE8-8721D9D4FF05}"
EndProject
Project("{2150E333-8FDC-42A3-9474-1A3956D46DE8}") = "Scheduling", "Scheduling", "{F0F0C51C-F6A5-8ED5-E07B-23BB77F4B418}"
EndProject
Project("{FAE04EC0-301F-11D3-BF4B-00C04F79EFBC}") = "FieldOps.Modules.Scheduling", "src\Modules\Scheduling\FieldOps.Modules.Scheduling.csproj", "{69223B11-E30A-4927-B495-FA9E46542CE0}"
EndProject
Project("{2150E333-8FDC-42A3-9474-1A3956D46DE8}") = "SlaMonitoring", "SlaMonitoring", "{3D9DF12C-D24D-6018-5A32-119E09B69C56}"
EndProject
Project("{FAE04EC0-301F-11D3-BF4B-00C04F79EFBC}") = "FieldOps.Modules.SlaMonitoring", "src\Modules\SlaMonitoring\FieldOps.Modules.SlaMonitoring.csproj", "{0EA5A42C-16A5-4314-87C2-F97266F5CDC5}"
EndProject
Project("{2150E333-8FDC-42A3-9474-1A3956D46DE8}") = "IdentityAccess", "IdentityAccess", "{10F243C0-5589-5C7D-3314-BD3AC559A253}"
EndProject
Project("{FAE04EC0-301F-11D3-BF4B-00C04F79EFBC}") = "FieldOps.Modules.IdentityAccess", "src\Modules\IdentityAccess\FieldOps.Modules.IdentityAccess.csproj", "{0C9BA2CA-9A40-4BC8-A0BB-3595C683AE30}"
EndProject
Project("{2150E333-8FDC-42A3-9474-1A3956D46DE8}") = "Notification", "Notification", "{4F8133DB-A301-0A1E-3DDE-929E67CC9B96}"
EndProject
Project("{FAE04EC0-301F-11D3-BF4B-00C04F79EFBC}") = "FieldOps.Modules.Notification", "src\Modules\Notification\FieldOps.Modules.Notification.csproj", "{49820FC5-3716-4BC8-BDEA-D80A4693BF8F}"
EndProject
Project("{2150E333-8FDC-42A3-9474-1A3956D46DE8}") = "Reporting", "Reporting", "{738763F7-68AC-12DE-A386-1ED9BDE12CF2}"
EndProject
Project("{FAE04EC0-301F-11D3-BF4B-00C04F79EFBC}") = "FieldOps.Modules.Reporting", "src\Modules\Reporting\FieldOps.Modules.Reporting.csproj", "{12D098F5-C244-4782-899B-57A98DF1C9B5}"
EndProject
Project("{2150E333-8FDC-42A3-9474-1A3956D46DE8}") = "tests", "tests", "{0AB3BF05-4346-4AA6-1389-037BE0695223}"
EndProject
Project("{FAE04EC0-301F-11D3-BF4B-00C04F79EFBC}") = "FieldOps.UnitTests", "tests\FieldOps.UnitTests\FieldOps.UnitTests.csproj", "{5BCF9415-3499-4460-9FCD-EAE32ABC531A}"
EndProject
Project("{FAE04EC0-301F-11D3-BF4B-00C04F79EFBC}") = "FieldOps.IntegrationTests", "tests\FieldOps.IntegrationTests\FieldOps.IntegrationTests.csproj", "{EFA69DC5-258E-4758-B4F1-DDAABF2B11FE}"
EndProject
Global
	GlobalSection(SolutionConfigurationPlatforms) = preSolution
		Debug|Any CPU = Debug|Any CPU
		Debug|x64 = Debug|x64
		Debug|x86 = Debug|x86
		Release|Any CPU = Release|Any CPU
		Release|x64 = Release|x64
		Release|x86 = Release|x86
	EndGlobalSection
	GlobalSection(ProjectConfigurationPlatforms) = postSolution
		{0BB148AA-4E93-40A5-AA1D-80A8006CBDE9}.Debug|Any CPU.ActiveCfg = Debug|Any CPU
		{0BB148AA-4E93-40A5-AA1D-80A8006CBDE9}.Debug|Any CPU.Build.0 = Debug|Any CPU
		{0BB148AA-4E93-40A5-AA1D-80A8006CBDE9}.Debug|x64.ActiveCfg = Debug|Any CPU
		{0BB148AA-4E93-40A5-AA1D-80A8006CBDE9}.Debug|x64.Build.0 = Debug|Any CPU
		{0BB148AA-4E93-40A5-AA1D-80A8006CBDE9}.Debug|x86.ActiveCfg = Debug|Any CPU
		{0BB148AA-4E93-40A5-AA1D-80A8006CBDE9}.Debug|x86.Build.0 = Debug|Any CPU
		{0BB148AA-4E93-40A5-AA1D-80A8006CBDE9}.Release|Any CPU.ActiveCfg = Release|Any CPU
		{0BB148AA-4E93-40A5-AA1D-80A8006CBDE9}.Release|Any CPU.Build.0 = Release|Any CPU
		{0BB148AA-4E93-40A5-AA1D-80A8006CBDE9}.Release|x64.ActiveCfg = Release|Any CPU
		{0BB148AA-4E93-40A5-AA1D-80A8006CBDE9}.Release|x64.Build.0 = Release|Any CPU
		{0BB148AA-4E93-40A5-AA1D-80A8006CBDE9}.Release|x86.ActiveCfg = Release|Any CPU
		{0BB148AA-4E93-40A5-AA1D-80A8006CBDE9}.Release|x86.Build.0 = Release|Any CPU
		{9D1C794D-AE94-4401-9C1F-1A28B45742BA}.Debug|Any CPU.ActiveCfg = Debug|Any CPU
		{9D1C794D-AE94-4401-9C1F-1A28B45742BA}.Debug|Any CPU.Build.0 = Debug|Any CPU
		{9D1C794D-AE94-4401-9C1F-1A28B45742BA}.Debug|x64.ActiveCfg = Debug|Any CPU
		{9D1C794D-AE94-4401-9C1F-1A28B45742BA}.Debug|x64.Build.0 = Debug|Any CPU
		{9D1C794D-AE94-4401-9C1F-1A28B45742BA}.Debug|x86.ActiveCfg = Debug|Any CPU
		{9D1C794D-AE94-4401-9C1F-1A28B45742BA}.Debug|x86.Build.0 = Debug|Any CPU
		{9D1C794D-AE94-4401-9C1F-1A28B45742BA}.Release|Any CPU.ActiveCfg = Release|Any CPU
		{9D1C794D-AE94-4401-9C1F-1A28B45742BA}.Release|Any CPU.Build.0 = Release|Any CPU
		{9D1C794D-AE94-4401-9C1F-1A28B45742BA}.Release|x64.ActiveCfg = Release|Any CPU
		{9D1C794D-AE94-4401-9C1F-1A28B45742BA}.Release|x64.Build.0 = Release|Any CPU
		{9D1C794D-AE94-4401-9C1F-1A28B45742BA}.Release|x86.ActiveCfg = Release|Any CPU
		{9D1C794D-AE94-4401-9C1F-1A28B45742BA}.Release|x86.Build.0 = Release|Any CPU
		{23735D07-6F2D-4C1B-AFEE-C8FCC1F99775}.Debug|Any CPU.ActiveCfg = Debug|Any CPU
		{23735D07-6F2D-4C1B-AFEE-C8FCC1F99775}.Debug|Any CPU.Build.0 = Debug|Any CPU
		{23735D07-6F2D-4C1B-AFEE-C8FCC1F99775}.Debug|x64.ActiveCfg = Debug|Any CPU
		{23735D07-6F2D-4C1B-AFEE-C8FCC1F99775}.Debug|x64.Build.0 = Debug|Any CPU
		{23735D07-6F2D-4C1B-AFEE-C8FCC1F99775}.Debug|x86.ActiveCfg = Debug|Any CPU
		{23735D07-6F2D-4C1B-AFEE-C8FCC1F99775}.Debug|x86.Build.0 = Debug|Any CPU
		{23735D07-6F2D-4C1B-AFEE-C8FCC1F99775}.Release|Any CPU.ActiveCfg = Release|Any CPU
		{23735D07-6F2D-4C1B-AFEE-C8FCC1F99775}.Release|Any CPU.Build.0 = Release|Any CPU
		{23735D07-6F2D-4C1B-AFEE-C8FCC1F99775}.Release|x64.ActiveCfg = Release|Any CPU
		{23735D07-6F2D-4C1B-AFEE-C8FCC1F99775}.Release|x64.Build.0 = Release|Any CPU
		{23735D07-6F2D-4C1B-AFEE-C8FCC1F99775}.Release|x86.ActiveCfg = Release|Any CPU
		{23735D07-6F2D-4C1B-AFEE-C8FCC1F99775}.Release|x86.Build.0 = Release|Any CPU
		{4A331282-BE52-4590-9AE8-8721D9D4FF05}.Debug|Any CPU.ActiveCfg = Debug|Any CPU
		{4A331282-BE52-4590-9AE8-8721D9D4FF05}.Debug|Any CPU.Build.0 = Debug|Any CPU
		{4A331282-BE52-4590-9AE8-8721D9D4FF05}.Debug|x64.ActiveCfg = Debug|Any CPU
		{4A331282-BE52-4590-9AE8-8721D9D4FF05}.Debug|x64.Build.0 = Debug|Any CPU
		{4A331282-BE52-4590-9AE8-8721D9D4FF05}.Debug|x86.ActiveCfg = Debug|Any CPU
		{4A331282-BE52-4590-9AE8-8721D9D4FF05}.Debug|x86.Build.0 = Debug|Any CPU
		{4A331282-BE52-4590-9AE8-8721D9D4FF05}.Release|Any CPU.ActiveCfg = Release|Any CPU
		{4A331282-BE52-4590-9AE8-8721D9D4FF05}.Release|Any CPU.Build.0 = Release|Any CPU
		{4A331282-BE52-4590-9AE8-8721D9D4FF05}.Release|x64.ActiveCfg = Release|Any CPU
		{4A331282-BE52-4590-9AE8-8721D9D4FF05}.Release|x64.Build.0 = Release|Any CPU
		{4A331282-BE52-4590-9AE8-8721D9D4FF05}.Release|x86.ActiveCfg = Release|Any CPU
		{4A331282-BE52-4590-9AE8-8721D9D4FF05}.Release|x86.Build.0 = Release|Any CPU
		{69223B11-E30A-4927-B495-FA9E46542CE0}.Debug|Any CPU.ActiveCfg = Debug|Any CPU
		{69223B11-E30A-4927-B495-FA9E46542CE0}.Debug|Any CPU.Build.0 = Debug|Any CPU
		{69223B11-E30A-4927-B495-FA9E46542CE0}.Debug|x64.ActiveCfg = Debug|Any CPU
		{69223B11-E30A-4927-B495-FA9E46542CE0}.Debug|x64.Build.0 = Debug|Any CPU
		{69223B11-E30A-4927-B495-FA9E46542CE0}.Debug|x86.ActiveCfg = Debug|Any CPU
		{69223B11-E30A-4927-B495-FA9E46542CE0}.Debug|x86.Build.0 = Debug|Any CPU
		{69223B11-E30A-4927-B495-FA9E46542CE0}.Release|Any CPU.ActiveCfg = Release|Any CPU
		{69223B11-E30A-4927-B495-FA9E46542CE0}.Release|Any CPU.Build.0 = Release|Any CPU
		{69223B11-E30A-4927-B495-FA9E46542CE0}.Release|x64.ActiveCfg = Release|Any CPU
		{69223B11-E30A-4927-B495-FA9E46542CE0}.Release|x64.Build.0 = Release|Any CPU
		{69223B11-E30A-4927-B495-FA9E46542CE0}.Release|x86.ActiveCfg = Release|Any CPU
		{69223B11-E30A-4927-B495-FA9E46542CE0}.Release|x86.Build.0 = Release|Any CPU
		{0EA5A42C-16A5-4314-87C2-F97266F5CDC5}.Debug|Any CPU.ActiveCfg = Debug|Any CPU
		{0EA5A42C-16A5-4314-87C2-F97266F5CDC5}.Debug|Any CPU.Build.0 = Debug|Any CPU
		{0EA5A42C-16A5-4314-87C2-F97266F5CDC5}.Debug|x64.ActiveCfg = Debug|Any CPU
		{0EA5A42C-16A5-4314-87C2-F97266F5CDC5}.Debug|x64.Build.0 = Debug|Any CPU
		{0EA5A42C-16A5-4314-87C2-F97266F5CDC5}.Debug|x86.ActiveCfg = Debug|Any CPU
		{0EA5A42C-16A5-4314-87C2-F97266F5CDC5}.Debug|x86.Build.0 = Debug|Any CPU
		{0EA5A42C-16A5-4314-87C2-F97266F5CDC5}.Release|Any CPU.ActiveCfg = Release|Any CPU
		{0EA5A42C-16A5-4314-87C2-F97266F5CDC5}.Release|Any CPU.Build.0 = Release|Any CPU
		{0EA5A42C-16A5-4314-87C2-F97266F5CDC5}.Release|x64.ActiveCfg = Release|Any CPU
		{0EA5A42C-16A5-4314-87C2-F97266F5CDC5}.Release|x64.Build.0 = Release|Any CPU
		{0EA5A42C-16A5-4314-87C2-F97266F5CDC5}.Release|x86.ActiveCfg = Release|Any CPU
		{0EA5A42C-16A5-4314-87C2-F97266F5CDC5}.Release|x86.Build.0 = Release|Any CPU
		{0C9BA2CA-9A40-4BC8-A0BB-3595C683AE30}.Debug|Any CPU.ActiveCfg = Debug|Any CPU
		{0C9BA2CA-9A40-4BC8-A0BB-3595C683AE30}.Debug|Any CPU.Build.0 = Debug|Any CPU
		{0C9BA2CA-9A40-4BC8-A0BB-3595C683AE30}.Debug|x64.ActiveCfg = Debug|Any CPU
		{0C9BA2CA-9A40-4BC8-A0BB-3595C683AE30}.Debug|x64.Build.0 = Debug|Any CPU
		{0C9BA2CA-9A40-4BC8-A0BB-3595C683AE30}.Debug|x86.ActiveCfg = Debug|Any CPU
		{0C9BA2CA-9A40-4BC8-A0BB-3595C683AE30}.Debug|x86.Build.0 = Debug|Any CPU
		{0C9BA2CA-9A40-4BC8-A0BB-3595C683AE30}.Release|Any CPU.ActiveCfg = Release|Any CPU
		{0C9BA2CA-9A40-4BC8-A0BB-3595C683AE30}.Release|Any CPU.Build.0 = Release|Any CPU
		{0C9BA2CA-9A40-4BC8-A0BB-3595C683AE30}.Release|x64.ActiveCfg = Release|Any CPU
		{0C9BA2CA-9A40-4BC8-A0BB-3595C683AE30}.Release|x64.Build.0 = Release|Any CPU
		{0C9BA2CA-9A40-4BC8-A0BB-3595C683AE30}.Release|x86.ActiveCfg = Release|Any CPU
		{0C9BA2CA-9A40-4BC8-A0BB-3595C683AE30}.Release|x86.Build.0 = Release|Any CPU
		{49820FC5-3716-4BC8-BDEA-D80A4693BF8F}.Debug|Any CPU.ActiveCfg = Debug|Any CPU
		{49820FC5-3716-4BC8-BDEA-D80A4693BF8F}.Debug|Any CPU.Build.0 = Debug|Any CPU
		{49820FC5-3716-4BC8-BDEA-D80A4693BF8F}.Debug|x64.ActiveCfg = Debug|Any CPU
		{49820FC5-3716-4BC8-BDEA-D80A4693BF8F}.Debug|x64.Build.0 = Debug|Any CPU
		{49820FC5-3716-4BC8-BDEA-D80A4693BF8F}.Debug|x86.ActiveCfg = Debug|Any CPU
		{49820FC5-3716-4BC8-BDEA-D80A4693BF8F}.Debug|x86.Build.0 = Debug|Any CPU
		{49820FC5-3716-4BC8-BDEA-D80A4693BF8F}.Release|Any CPU.ActiveCfg = Release|Any CPU
		{49820FC5-3716-4BC8-BDEA-D80A4693BF8F}.Release|Any CPU.Build.0 = Release|Any CPU
		{49820FC5-3716-4BC8-BDEA-D80A4693BF8F}.Release|x64.ActiveCfg = Release|Any CPU
		{49820FC5-3716-4BC8-BDEA-D80A4693BF8F}.Release|x64.Build.0 = Release|Any CPU
		{49820FC5-3716-4BC8-BDEA-D80A4693BF8F}.Release|x86.ActiveCfg = Release|Any CPU
		{49820FC5-3716-4BC8-BDEA-D80A4693BF8F}.Release|x86.Build.0 = Release|Any CPU
		{12D098F5-C244-4782-899B-57A98DF1C9B5}.Debug|Any CPU.ActiveCfg = Debug|Any CPU
		{12D098F5-C244-4782-899B-57A98DF1C9B5}.Debug|Any CPU.Build.0 = Debug|Any CPU
		{12D098F5-C244-4782-899B-57A98DF1C9B5}.Debug|x64.ActiveCfg = Debug|Any CPU
		{12D098F5-C244-4782-899B-57A98DF1C9B5}.Debug|x64.Build.0 = Debug|Any CPU
		{12D098F5-C244-4782-899B-57A98DF1C9B5}.Debug|x86.ActiveCfg = Debug|Any CPU
		{12D098F5-C244-4782-899B-57A98DF1C9B5}.Debug|x86.Build.0 = Debug|Any CPU
		{12D098F5-C244-4782-899B-57A98DF1C9B5}.Release|Any CPU.ActiveCfg = Release|Any CPU
		{12D098F5-C244-4782-899B-57A98DF1C9B5}.Release|Any CPU.Build.0 = Release|Any CPU
		{12D098F5-C244-4782-899B-57A98DF1C9B5}.Release|x64.ActiveCfg = Release|Any CPU
		{12D098F5-C244-4782-899B-57A98DF1C9B5}.Release|x64.Build.0 = Release|Any CPU
		{12D098F5-C244-4782-899B-57A98DF1C9B5}.Release|x86.ActiveCfg = Release|Any CPU
		{12D098F5-C244-4782-899B-57A98DF1C9B5}.Release|x86.Build.0 = Release|Any CPU
		{5BCF9415-3499-4460-9FCD-EAE32ABC531A}.Debug|Any CPU.ActiveCfg = Debug|Any CPU
		{5BCF9415-3499-4460-9FCD-EAE32ABC531A}.Debug|Any CPU.Build.0 = Debug|Any CPU
		{5BCF9415-3499-4460-9FCD-EAE32ABC531A}.Debug|x64.ActiveCfg = Debug|Any CPU
		{5BCF9415-3499-4460-9FCD-EAE32ABC531A}.Debug|x64.Build.0 = Debug|Any CPU
		{5BCF9415-3499-4460-9FCD-EAE32ABC531A}.Debug|x86.ActiveCfg = Debug|Any CPU
		{5BCF9415-3499-4460-9FCD-EAE32ABC531A}.Debug|x86.Build.0 = Debug|Any CPU
		{5BCF9415-3499-4460-9FCD-EAE32ABC531A}.Release|Any CPU.ActiveCfg = Release|Any CPU
		{5BCF9415-3499-4460-9FCD-EAE32ABC531A}.Release|Any CPU.Build.0 = Release|Any CPU
		{5BCF9415-3499-4460-9FCD-EAE32ABC531A}.Release|x64.ActiveCfg = Release|Any CPU
		{5BCF9415-3499-4460-9FCD-EAE32ABC531A}.Release|x64.Build.0 = Release|Any CPU
		{5BCF9415-3499-4460-9FCD-EAE32ABC531A}.Release|x86.ActiveCfg = Release|Any CPU
		{5BCF9415-3499-4460-9FCD-EAE32ABC531A}.Release|x86.Build.0 = Release|Any CPU
		{EFA69DC5-258E-4758-B4F1-DDAABF2B11FE}.Debug|Any CPU.ActiveCfg = Debug|Any CPU
		{EFA69DC5-258E-4758-B4F1-DDAABF2B11FE}.Debug|Any CPU.Build.0 = Debug|Any CPU
		{EFA69DC5-258E-4758-B4F1-DDAABF2B11FE}.Debug|x64.ActiveCfg = Debug|Any CPU
		{EFA69DC5-258E-4758-B4F1-DDAABF2B11FE}.Debug|x64.Build.0 = Debug|Any CPU
		{EFA69DC5-258E-4758-B4F1-DDAABF2B11FE}.Debug|x86.ActiveCfg = Debug|Any CPU
		{EFA69DC5-258E-4758-B4F1-DDAABF2B11FE}.Debug|x86.Build.0 = Debug|Any CPU
		{EFA69DC5-258E-4758-B4F1-DDAABF2B11FE}.Release|Any CPU.ActiveCfg = Release|Any CPU
		{EFA69DC5-258E-4758-B4F1-DDAABF2B11FE}.Release|Any CPU.Build.0 = Release|Any CPU
		{EFA69DC5-258E-4758-B4F1-DDAABF2B11FE}.Release|x64.ActiveCfg = Release|Any CPU
		{EFA69DC5-258E-4758-B4F1-DDAABF2B11FE}.Release|x64.Build.0 = Release|Any CPU
		{EFA69DC5-258E-4758-B4F1-DDAABF2B11FE}.Release|x86.ActiveCfg = Release|Any CPU
		{EFA69DC5-258E-4758-B4F1-DDAABF2B11FE}.Release|x86.Build.0 = Release|Any CPU
	EndGlobalSection
	GlobalSection(SolutionProperties) = preSolution
		HideSolutionNode = FALSE
	EndGlobalSection
	GlobalSection(NestedProjects) = preSolution
		{981C2CF6-E5BB-602A-511C-234B538302B0} = {827E0CD3-B72D-47B6-A68D-7590B98EB39B}
		{0BB148AA-4E93-40A5-AA1D-80A8006CBDE9} = {981C2CF6-E5BB-602A-511C-234B538302B0}
		{90298CBA-BD6F-3A0A-69D5-97CAD7B05E7E} = {827E0CD3-B72D-47B6-A68D-7590B98EB39B}
		{9D1C794D-AE94-4401-9C1F-1A28B45742BA} = {90298CBA-BD6F-3A0A-69D5-97CAD7B05E7E}
		{EC447DCF-ABFA-6E24-52A5-D7FD48A5C558} = {827E0CD3-B72D-47B6-A68D-7590B98EB39B}
		{617A1A37-EB64-AD34-7D9A-E79214765A80} = {EC447DCF-ABFA-6E24-52A5-D7FD48A5C558}
		{23735D07-6F2D-4C1B-AFEE-C8FCC1F99775} = {617A1A37-EB64-AD34-7D9A-E79214765A80}
		{D86077CA-CD62-A3A0-90AA-B89DDB48F4CC} = {EC447DCF-ABFA-6E24-52A5-D7FD48A5C558}
		{4A331282-BE52-4590-9AE8-8721D9D4FF05} = {D86077CA-CD62-A3A0-90AA-B89DDB48F4CC}
		{F0F0C51C-F6A5-8ED5-E07B-23BB77F4B418} = {EC447DCF-ABFA-6E24-52A5-D7FD48A5C558}
		{69223B11-E30A-4927-B495-FA9E46542CE0} = {F0F0C51C-F6A5-8ED5-E07B-23BB77F4B418}
		{3D9DF12C-D24D-6018-5A32-119E09B69C56} = {EC447DCF-ABFA-6E24-52A5-D7FD48A5C558}
		{0EA5A42C-16A5-4314-87C2-F97266F5CDC5} = {3D9DF12C-D24D-6018-5A32-119E09B69C56}
		{10F243C0-5589-5C7D-3314-BD3AC559A253} = {EC447DCF-ABFA-6E24-52A5-D7FD48A5C558}
		{0C9BA2CA-9A40-4BC8-A0BB-3595C683AE30} = {10F243C0-5589-5C7D-3314-BD3AC559A253}
		{4F8133DB-A301-0A1E-3DDE-929E67CC9B96} = {EC447DCF-ABFA-6E24-52A5-D7FD48A5C558}
		{49820FC5-3716-4BC8-BDEA-D80A4693BF8F} = {4F8133DB-A301-0A1E-3DDE-929E67CC9B96}
		{738763F7-68AC-12DE-A386-1ED9BDE12CF2} = {EC447DCF-ABFA-6E24-52A5-D7FD48A5C558}
		{12D098F5-C244-4782-899B-57A98DF1C9B5} = {738763F7-68AC-12DE-A386-1ED9BDE12CF2}
		{5BCF9415-3499-4460-9FCD-EAE32ABC531A} = {0AB3BF05-4346-4AA6-1389-037BE0695223}
		{EFA69DC5-258E-4758-B4F1-DDAABF2B11FE} = {0AB3BF05-4346-4AA6-1389-037BE0695223}
	EndGlobalSection
EndGlobal
